lockfileVersion: '9.0'

settings:
  autoInstallPeers: true
  excludeLinksFromLockfile: false

importers:

  .:
    dependencies:
      '@iarna/toml':
        specifier: ^2.2.5
        version: 2.2.5
      '@mcpspace/adapters':
        specifier: file:packages/adapters
        version: link:packages/adapters
      '@mcpspace/core':
        specifier: file:packages/core
        version: link:packages/core
      '@mcpspace/reconciler':
        specifier: file:packages/reconciler
        version: link:packages/reconciler
      '@mcpspace/shared':
        specifier: file:packages/shared
        version: link:packages/shared
      '@mcpspace/workspace':
        specifier: file:packages/workspace
        version: link:packages/workspace
      commander:
        specifier: ^12.1.0
        version: 12.1.0
      yaml:
        specifier: ^2.5.0
        version: 2.9.0
      zod:
        specifier: ^3.23.8
        version: 3.25.76
    devDependencies:
      '@types/node':
        specifier: ^22.10.2
        version: 22.19.19
      typescript:
        specifier: ^5.5.4
        version: 5.9.3

  apps/cli:
    dependencies:
      '@mcpspace/adapters':
        specifier: file:../../packages/adapters
        version: link:../../packages/adapters
      '@mcpspace/core':
        specifier: file:../../packages/core
        version: link:../../packages/core
      '@mcpspace/reconciler':
        specifier: file:../../packages/reconciler
        version: link:../../packages/reconciler
      '@mcpspace/shared':
        specifier: file:../../packages/shared
        version: link:../../packages/shared
      '@mcpspace/workspace':
        specifier: file:../../packages/workspace
        version: link:../../packages/workspace
      commander:
        specifier: ^12.1.0
        version: 12.1.0

  packages/adapters:
    dependencies:
      '@iarna/toml':
        specifier: ^2.2.5
        version: 2.2.5
      '@mcpspace/core':
        specifier: file:../core
        version: link:../core
      '@mcpspace/shared':
        specifier: file:../shared
        version: link:../shared
      zod:
        specifier: ^3.23.8
        version: 3.25.76

  packages/core:
    dependencies:
      '@mcpspace/shared':
        specifier: file:../shared
        version: link:../shared
      yaml:
        specifier: ^2.5.0
        version: 2.9.0
      zod:
        specifier: ^3.23.8
        version: 3.25.76

  packages/reconciler:
    dependencies:
      '@mcpspace/shared':
        specifier: file:../shared
        version: link:../shared

  packages/shared:
    dependencies:
      zod:
        specifier: ^3.23.8
        version: 3.25.76

  packages/workspace:
    dependencies:
      '@mcpspace/adapters':
        specifier: file:../adapters
        version: link:../adapters
      '@mcpspace/core':
        specifier: file:../core
        version: link:../core
      '@mcpspace/reconciler':
        specifier: file:../reconciler
        version: link:../reconciler
      '@mcpspace/shared':
        specifier: file:../shared
        version: link:../shared
      yaml:
        specifier: ^2.5.0
        version: 2.9.0

packages:

  '@iarna/toml@2.2.5':
    resolution: {integrity: sha512-trnsAYxU3xnS1gPHPyU961coFyLkh4gAD/0zQ5mymY4yOZ+CYvsPqUbOFSw0aDM4y0tV7tiFxL/1XfXPNC6IPg==}

  '@types/node@22.19.19':
    resolution: {integrity: sha512-dyh/xO2Fh5bYrfWaaqGrRQQGkNdmYw6AmaAUvYeUMNTWQtvb796ikLdmTchRmOlOiIJ1TDXfWgVx1QkUlQ6Hew==}

  commander@12.1.0:
    resolution: {integrity: sha512-Vw8qHK3bZM9y/P10u3Vib8o/DdkvA2OtPtZvD871QKjy74Wj1WSKFILMPRPSdUSx5RFK1arlJzEtA4PkFgnbuA==}
    engines: {node: '>=18'}

  typescript@5.9.3:
    resolution: {integrity: sha512-jl1vZzPDinLr9eUt3J/t7V6FgNEw9QjvBPdysz9KfQDD41fQrC2Y4vKQdiaUpFT4bXlb1RHhLpp8wtm6M5TgSw==}
    engines: {node: '>=14.17'}
    hasBin: true

  undici-types@6.21.0:
    resolution: {integrity: sha512-iwDZqg0QAGrg9Rav5H4n0M64c3mkR59cJ6wQp+7C4nI0gsmExaedaYLNO44eT4AtBBwjbTiGPMlt2Md0T9H9JQ==}

  yaml@2.9.0:
    resolution: {integrity: sha512-2AvhNX3mb8zd6Zy7INTtSpl1F15HW6Wnqj0srWlkKLcpYl/gMIMJiyuGq2KeI2YFxUPjdlB+3Lc10seMLtL4cA==}
    engines: {node: '>= 14.6'}
    hasBin: true

  zod@3.25.76:
    resolution: {integrity: sha512-gzUt/qt81nXsFGKIFcC3YnfEAx5NkunCfnDlvuBSSFS02bcXu4Lmea0AFIUwbLWxWPx3d9p8S5QoaujKcNQxcQ==}

snapshots:

  '@iarna/toml@2.2.5': {}

  '@types/node@22.19.19':
    dependencies:
      undici-types: 6.21.0

  commander@12.1.0: {}

  typescript@5.9.3: {}

  undici-types@6.21.0: {}

  yaml@2.9.0: {}

  zod@3.25.76: {}
